// !$*UTF8*$!
{
	archiveVersion = 1;
	classes = {
	};
	objectVersion = 50;
	objects = {

/* Begin PBXBuildFile section */
		57DBD84DAC6FE65727597252 /* Pods_TokensTableView.framework in Frameworks */ = {isa = PBXBuildFile; fileRef = 9ABDF115C76E25C52BDC3CAD /* Pods_TokensTableView.framework */; };
		7E11B31F221176E500ED8F10 /* AppDelegate.swift in Sources */ = {isa = PBXBuildFile; fileRef = 7E11B31E221176E500ED8F10 /* AppDelegate.swift */; };
		7E11B324221176E500ED8F10 /* Main.storyboard in Resources */ = {isa = PBXBuildFile; fileRef = 7E11B322221176E500ED8F10 /* Main.storyboard */; };
		7E11B327221176E500ED8F10 /* TokensTableView.xcdatamodeld in Sources */ = {isa = PBXBuildFile; fileRef = 7E11B325221176E500ED8F10 /* TokensTableView.xcdatamodeld */; };
		7E11B329221176E700ED8F10 /* Assets.xcassets in Resources */ = {isa = PBXBuildFile; fileRef = 7E11B328221176E700ED8F10 /* Assets.xcassets */; };
		7E11B32C221176E700ED8F10 /* LaunchScreen.storyboard in Resources */ = {isa = PBXBuildFile; fileRef = 7E11B32A221176E700ED8F10 /* LaunchScreen.storyboard */; };
		7E11B3392211AE7300ED8F10 /* TokenView.xib in Resources */ = {isa = PBXBuildFile; fileRef = 7E11B33722117CB400ED8F10 /* TokenView.xib */; };
		7EA0AFF1221598570062C029 /* CriteriaTableViewCell.swift in Sources */ = {isa = PBXBuildFile; fileRef = 7EA0AFEE221598560062C029 /* CriteriaTableViewCell.swift */; };
		7EA0AFF2221598570062C029 /* CriteriaTableViewController.swift in Sources */ = {isa = PBXBuildFile; fileRef = 7EA0AFEF221598570062C029 /* CriteriaTableViewController.swift */; };
		7EA0AFF3221598570062C029 /* CriteriaViewModel.swift in Sources */ = {isa = PBXBuildFile; fileRef = 7EA0AFF0221598570062C029 /* CriteriaViewModel.swift */; };
		D86B32E2221566F500457135 /* TokenTableViewCell.xib in Resources */ = {isa = PBXBuildFile; fileRef = D86B32E1221566F500457135 /* TokenTableViewCell.xib */; };
		D86B32E42215684800457135 /* TokenTableViewCell.swift in Sources */ = {isa = PBXBuildFile; fileRef = D86B32E32215684800457135 /* TokenTableViewCell.swift */; };
		D86B32E822156E1900457135 /* RefineViewController.swift in Sources */ = {isa = PBXBuildFile; fileRef = D86B32E722156E1900457135 /* RefineViewController.swift */; };
		D86B32F422157ACF00457135 /* Theme.swift in Sources */ = {isa = PBXBuildFile; fileRef = D86B32EF22157ACE00457135 /* Theme.swift */; };
		D86B32F522157ACF00457135 /* TagCollectionCell.swift in Sources */ = {isa = PBXBuildFile; fileRef = D86B32F022157ACE00457135 /* TagCollectionCell.swift */; };
		D86B32F622157ACF00457135 /* CloseButton.swift in Sources */ = {isa = PBXBuildFile; fileRef = D86B32F122157ACE00457135 /* CloseButton.swift */; };
		D86B32F722157ACF00457135 /* TaglistCollection.swift in Sources */ = {isa = PBXBuildFile; fileRef = D86B32F222157ACE00457135 /* TaglistCollection.swift */; };
		D86B32F822157ACF00457135 /* StringExtentions.swift in Sources */ = {isa = PBXBuildFile; fileRef = D86B32F322157ACE00457135 /* StringExtentions.swift */; };
		D86B32FC22157B0500457135 /* TagCollectionCell.xib in Resources */ = {isa = PBXBuildFile; fileRef = D86B32FB22157B0500457135 /* TagCollectionCell.xib */; };
/* End PBXBuildFile section */

/* Begin PBXFileReference section */
		7E11B31B221176E500ED8F10 /* TokensTableView.app */ = {isa = PBXFileReference; explicitFileType = wrapper.application; includeInIndex = 0; path = TokensTableView.app; sourceTree = BUILT_PRODUCTS_DIR; };
		7E11B31E221176E500ED8F10 /* AppDelegate.swift */ = {isa = PBXFileReference; lastKnownFileType = sourcecode.swift; path = AppDelegate.swift; sourceTree = "<group>"; };
		7E11B323221176E500ED8F10 /* Base */ = {isa = PBXFileReference; lastKnownFileType = file.storyboard; name = Base; path = Base.lproj/Main.storyboard; sourceTree = "<group>"; };
		7E11B326221176E500ED8F10 /* TokensTableView.xcdatamodel */ = {isa = PBXFileReference; lastKnownFileType = wrapper.xcdatamodel; path = TokensTableView.xcdatamodel; sourceTree = "<group>"; };
		7E11B328221176E700ED8F10 /* Assets.xcassets */ = {isa = PBXFileReference; lastKnownFileType = folder.assetcatalog; path = Assets.xcassets; sourceTree = "<group>"; };
		7E11B32B221176E700ED8F10 /* Base */ = {isa = PBXFileReference; lastKnownFileType = file.storyboard; name = Base; path = Base.lproj/LaunchScreen.storyboard; sourceTree = "<group>"; };
		7E11B32D221176E700ED8F10 /* Info.plist */ = {isa = PBXFileReference; lastKnownFileType = text.plist.xml; path = Info.plist; sourceTree = "<group>"; };
		7E11B33722117CB400ED8F10 /* TokenView.xib */ = {isa = PBXFileReference; fileEncoding = 4; lastKnownFileType = file.xib; path = TokenView.xib; sourceTree = "<group>"; };
		7EA0AFEE221598560062C029 /* CriteriaTableViewCell.swift */ = {isa = PBXFileReference; fileEncoding = 4; lastKnownFileType = sourcecode.swift; path = CriteriaTableViewCell.swift; sourceTree = SOURCE_ROOT; };
		7EA0AFEF221598570062C029 /* CriteriaTableViewController.swift */ = {isa = PBXFileReference; fileEncoding = 4; lastKnownFileType = sourcecode.swift; path = CriteriaTableViewController.swift; sourceTree = SOURCE_ROOT; };
		7EA0AFF0221598570062C029 /* CriteriaViewModel.swift */ = {isa = PBXFileReference; fileEncoding = 4; lastKnownFileType = sourcecode.swift; path = CriteriaViewModel.swift; sourceTree = SOURCE_ROOT; };
		9ABDF115C76E25C52BDC3CAD /* Pods_TokensTableView.framework */ = {isa = PBXFileReference; explicitFileType = wrapper.framework; includeInIndex = 0; path = Pods_TokensTableView.framework; sourceTree = BUILT_PRODUCTS_DIR; };
		ABC2875A3727AF9DDAB48F34 /* Pods-TokensTableView.debug.xcconfig */ = {isa = PBXFileReference; includeInIndex = 1; lastKnownFileType = text.xcconfig; name = "Pods-TokensTableView.debug.xcconfig"; path = "Pods/Target Support Files/Pods-TokensTableView/Pods-TokensTableView.debug.xcconfig"; sourceTree = "<group>"; };
		CACDD313B5CDD4134394846E /* Pods-TokensTableView.release.xcconfig */ = {isa = PBXFileReference; includeInIndex = 1; lastKnownFileType = text.xcconfig; name = "Pods-TokensTableView.release.xcconfig"; path = "Pods/Target Support Files/Pods-TokensTableView/Pods-TokensTableView.release.xcconfig"; sourceTree = "<group>"; };
		D86B32E1221566F500457135 /* TokenTableViewCell.xib */ = {isa = PBXFileReference; lastKnownFileType = file.xib; path = TokenTableViewCell.xib; sourceTree = "<group>"; };
		D86B32E32215684800457135 /* TokenTableViewCell.swift */ = {isa = PBXFileReference; lastKnownFileType = sourcecode.swift; path = TokenTableViewCell.swift; sourceTree = "<group>"; };
		D86B32E722156E1900457135 /* RefineViewController.swift */ = {isa = PBXFileReference; fileEncoding = 4; lastKnownFileType = sourcecode.swift; path = RefineViewController.swift; sourceTree = "<group>"; };
		D86B32EF22157ACE00457135 /* Theme.swift */ = {isa = PBXFileReference; lastKnownFileType = sourcecode.swift; path = Theme.swift; sourceTree = "<group>"; };
		D86B32F022157ACE00457135 /* TagCollectionCell.swift */ = {isa = PBXFileReference; lastKnownFileType = sourcecode.swift; path = TagCollectionCell.swift; sourceTree = "<group>"; };
		D86B32F122157ACE00457135 /* CloseButton.swift */ = {isa = PBXFileReference; lastKnownFileType = sourcecode.swift; path = CloseButton.swift; sourceTree = "<group>"; };
		D86B32F222157ACE00457135 /* TaglistCollection.swift */ = {isa = PBXFileReference; lastKnownFileType = sourcecode.swift; path = TaglistCollection.swift; sourceTree = "<group>"; };
		D86B32F322157ACE00457135 /* StringExtentions.swift */ = {isa = PBXFileReference; lastKnownFileType = sourcecode.swift; path = StringExtentions.swift; sourceTree = "<group>"; };
		D86B32FB22157B0500457135 /* TagCollectionCell.xib */ = {isa = PBXFileReference; fileEncoding = 4; lastKnownFileType = file.xib; path = TagCollectionCell.xib; sourceTree = "<group>"; };
/* End PBXFileReference section */

/* Begin PBXFrameworksBuildPhase section */
		7E11B318221176E500ED8F10 /* Frameworks */ = {
			isa = PBXFrameworksBuildPhase;
			buildActionMask = 2147483647;
			files = (
				57DBD84DAC6FE65727597252 /* Pods_TokensTableView.framework in Frameworks */,
			);
			runOnlyForDeploymentPostprocessing = 0;
		};
/* End PBXFrameworksBuildPhase section */

/* Begin PBXGroup section */
		7E11B312221176E500ED8F10 = {
			isa = PBXGroup;
			children = (
				7E11B31D221176E500ED8F10 /* TokensTableView */,
				7E11B31C221176E500ED8F10 /* Products */,
				C5991209288D757A21B6DC98 /* Pods */,
				A791798487C11208E4446BFC /* Frameworks */,
			);
			sourceTree = "<group>";
		};
		7E11B31C221176E500ED8F10 /* Products */ = {
			isa = PBXGroup;
			children = (
				7E11B31B221176E500ED8F10 /* TokensTableView.app */,
			);
			name = Products;
			sourceTree = "<group>";
		};
		7E11B31D221176E500ED8F10 /* TokensTableView */ = {
			isa = PBXGroup;
			children = (
				D86B32FA22157AFC00457135 /* Assets */,
				D86B32F922157AD600457135 /* Classes */,
				7E11B31E221176E500ED8F10 /* AppDelegate.swift */,
				7EA0AFEE221598560062C029 /* CriteriaTableViewCell.swift */,
				7EA0AFEF221598570062C029 /* CriteriaTableViewController.swift */,
				7EA0AFF0221598570062C029 /* CriteriaViewModel.swift */,
				7E11B322221176E500ED8F10 /* Main.storyboard */,
				7E11B33722117CB400ED8F10 /* TokenView.xib */,
				7E11B328221176E700ED8F10 /* Assets.xcassets */,
				7E11B32A221176E700ED8F10 /* LaunchScreen.storyboard */,
				7E11B32D221176E700ED8F10 /* Info.plist */,
				7E11B325221176E500ED8F10 /* TokensTableView.xcdatamodeld */,
				D86B32E1221566F500457135 /* TokenTableViewCell.xib */,
				D86B32E32215684800457135 /* TokenTableViewCell.swift */,
				D86B32E722156E1900457135 /* RefineViewController.swift */,
			);
			path = TokensTableView;
			sourceTree = "<group>";
		};
		A791798487C11208E4446BFC /* Frameworks */ = {
			isa = PBXGroup;
			children = (
				9ABDF115C76E25C52BDC3CAD /* Pods_TokensTableView.framework */,
			);
			name = Frameworks;
			sourceTree = "<group>";
		};
		C5991209288D757A21B6DC98 /* Pods */ = {
			isa = PBXGroup;
			children = (
				ABC2875A3727AF9DDAB48F34 /* Pods-TokensTableView.debug.xcconfig */,
				CACDD313B5CDD4134394846E /* Pods-TokensTableView.release.xcconfig */,
			);
			name = Pods;
			sourceTree = "<group>";
		};
		D86B32F922157AD600457135 /* Classes */ = {
			isa = PBXGroup;
			children = (
				D86B32F122157ACE00457135 /* CloseButton.swift */,
				D86B32F322157ACE00457135 /* StringExtentions.swift */,
				D86B32F022157ACE00457135 /* TagCollectionCell.swift */,
				D86B32F222157ACE00457135 /* TaglistCollection.swift */,
				D86B32EF22157ACE00457135 /* Theme.swift */,
			);
			name = Classes;
			path = "New Group";
			sourceTree = "<group>";
		};
		D86B32FA22157AFC00457135 /* Assets */ = {
			isa = PBXGroup;
			children = (
				D86B32FB22157B0500457135 /* TagCollectionCell.xib */,
			);
			name = Assets;
			path = "New Group1";
			sourceTree = "<group>";
		};
/* End PBXGroup section */

/* Begin PBXNativeTarget section */
		7E11B31A221176E500ED8F10 /* TokensTableView */ = {
			isa = PBXNativeTarget;
			buildConfigurationList = 7E11B330221176E700ED8F10 /* Build configuration list for PBXNativeTarget "TokensTableView" */;
			buildPhases = (
				D7FEC212EAAF86A9D66F12C2 /* [CP] Check Pods Manifest.lock */,
				7E11B317221176E500ED8F10 /* Sources */,
				7E11B318221176E500ED8F10 /* Frameworks */,
				7E11B319221176E500ED8F10 /* Resources */,
				486CE7FD22F8CDF29EE30069 /* [CP] Embed Pods Frameworks */,
			);
			buildRules = (
			);
			dependencies = (
			);
			name = TokensTableView;
			productName = TokensTableView;
			productReference = 7E11B31B221176E500ED8F10 /* TokensTableView.app */;
			productType = "com.apple.product-type.application";
		};
/* End PBXNativeTarget section */

/* Begin PBXProject section */
		7E11B313221176E500ED8F10 /* Project object */ = {
			isa = PBXProject;
			attributes = {
				LastSwiftUpdateCheck = 1000;
				LastUpgradeCheck = 1000;
				ORGANIZATIONNAME = msaad;
				TargetAttributes = {
					7E11B31A221176E500ED8F10 = {
						CreatedOnToolsVersion = 10.0;
						LastSwiftMigration = 1000;
					};
				};
			};
			buildConfigurationList = 7E11B316221176E500ED8F10 /* Build configuration list for PBXProject "TokensTableView" */;
			compatibilityVersion = "Xcode 9.3";
			developmentRegion = en;
			hasScannedForEncodings = 0;
			knownRegions = (
				en,
				Base,
			);
			mainGroup = 7E11B312221176E500ED8F10;
			productRefGroup = 7E11B31C221176E500ED8F10 /* Products */;
			projectDirPath = "";
			projectRoot = "";
			targets = (
				7E11B31A221176E500ED8F10 /* TokensTableView */,
			);
		};
/* End PBXProject section */

/* Begin PBXResourcesBuildPhase section */
		7E11B319221176E500ED8F10 /* Resources */ = {
			isa = PBXResourcesBuildPhase;
			buildActionMask = 2147483647;
			files = (
				7E11B32C221176E700ED8F10 /* LaunchScreen.storyboard in Resources */,
				D86B32FC22157B0500457135 /* TagCollectionCell.xib in Resources */,
				7E11B329221176E700ED8F10 /* Assets.xcassets in Resources */,
				7E11B3392211AE7300ED8F10 /* TokenView.xib in Resources */,
				7E11B324221176E500ED8F10 /* Main.storyboard in Resources */,
				D86B32E2221566F500457135 /* TokenTableViewCell.xib in Resources */,
			);
			runOnlyForDeploymentPostprocessing = 0;
		};
/* End PBXResourcesBuildPhase section */

/* Begin PBXShellScriptBuildPhase section */
		486CE7FD22F8CDF29EE30069 /* [CP] Embed Pods Frameworks */ = {
			isa = PBXShellScriptBuildPhase;
			buildActionMask = 2147483647;
			files = (
			);
			inputPaths = (
				"${SRCROOT}/Pods/Target Support Files/Pods-TokensTableView/Pods-TokensTableView-frameworks.sh",
				"${BUILT_PRODUCTS_DIR}/Masonry/Masonry.framework",
				"${BUILT_PRODUCTS_DIR}/SnapKit/SnapKit.framework",
			);
			name = "[CP] Embed Pods Frameworks";
			outputPaths = (
				"${TARGET_BUILD_DIR}/${FRAMEWORKS_FOLDER_PATH}/Masonry.framework",
				"${TARGET_BUILD_DIR}/${FRAMEWORKS_FOLDER_PATH}/SnapKit.framework",
			);
			runOnlyForDeploymentPostprocessing = 0;
			shellPath = /bin/sh;
			shellScript = "\"${SRCROOT}/Pods/Target Support Files/Pods-TokensTableView/Pods-TokensTableView-frameworks.sh\"\n";
			showEnvVarsInLog = 0;
		};
		D7FEC212EAAF86A9D66F12C2 /* [CP] Check Pods Manifest.lock */ = {
			isa = PBXShellScriptBuildPhase;
			buildActionMask = 2147483647;
			files = (
			);
			inputPaths = (
				"${PODS_PODFILE_DIR_PATH}/Podfile.lock",
				"${PODS_ROOT}/Manifest.lock",
			);
			name = "[CP] Check Pods Manifest.lock";
			outputPaths = (
				"$(DERIVED_FILE_DIR)/Pods-TokensTableView-checkManifestLockResult.txt",
			);
			runOnlyForDeploymentPostprocessing = 0;
			shellPath = /bin/sh;
			shellScript = "diff \"${PODS_PODFILE_DIR_PATH}/Podfile.lock\" \"${PODS_ROOT}/Manifest.lock\" > /dev/null\nif [ $? != 0 ] ; then\n    # print error to STDERR\n    echo \"error: The sandbox is not in sync with the Podfile.lock. Run 'pod install' or update your CocoaPods installation.\" >&2\n    exit 1\nfi\n# This output is used by Xcode 'outputs' to avoid re-running this script phase.\necho \"SUCCESS\" > \"${SCRIPT_OUTPUT_FILE_0}\"\n";
			showEnvVarsInLog = 0;
		};
/* End PBXShellScriptBuildPhase section */

/* Begin PBXSourcesBuildPhase section */
		7E11B317221176E500ED8F10 /* Sources */ = {
			isa = PBXSourcesBuildPhase;
			buildActionMask = 2147483647;
			files = (
				D86B32F422157ACF00457135 /* Theme.swift in Sources */,
				D86B32F522157ACF00457135 /* TagCollectionCell.swift in Sources */,
				7EA0AFF1221598570062C029 /* CriteriaTableViewCell.swift in Sources */,
				D86B32F622157ACF00457135 /* CloseButton.swift in Sources */,
				D86B32F722157ACF00457135 /* TaglistCollection.swift in Sources */,
				D86B32F822157ACF00457135 /* StringExtentions.swift in Sources */,
				7E11B31F221176E500ED8F10 /* AppDelegate.swift in Sources */,
				D86B32E822156E1900457135 /* RefineViewController.swift in Sources */,
				7EA0AFF2221598570062C029 /* CriteriaTableViewController.swift in Sources */,
				D86B32E42215684800457135 /* TokenTableViewCell.swift in Sources */,
				7E11B327221176E500ED8F10 /* TokensTableView.xcdatamodeld in Sources */,
				7EA0AFF3221598570062C029 /* CriteriaViewModel.swift in Sources */,
			);
			runOnlyForDeploymentPostprocessing = 0;
		};
/* End PBXSourcesBuildPhase section */

/* Begin PBXVariantGroup section */
		7E11B322221176E500ED8F10 /* Main.storyboard */ = {
			isa = PBXVariantGroup;
			children = (
				7E11B323221176E500ED8F10 /* Base */,
			);
			name = Main.storyboard;
			sourceTree = "<group>";
		};
		7E11B32A221176E700ED8F10 /* LaunchScreen.storyboard */ = {
			isa = PBXVariantGroup;
			children = (
				7E11B32B221176E700ED8F10 /* Base */,
			);
			name = LaunchScreen.storyboard;
			sourceTree = "<group>";
		};
/* End PBXVariantGroup section */

/* Begin XCBuildConfiguration section */
		7E11B32E221176E700ED8F10 /* Debug */ = {
			isa = XCBuildConfiguration;
			buildSettings = {
				ALWAYS_SEARCH_USER_PATHS = NO;
				CLANG_ANALYZER_NONNULL = YES;
				CLANG_ANALYZER_NUMBER_OBJECT_CONVERSION = YES_AGGRESSIVE;
				CLANG_CXX_LANGUAGE_STANDARD = "gnu++14";
				CLANG_CXX_LIBRARY = "libc++";
				CLANG_ENABLE_MODULES = YES;
				CLANG_ENABLE_OBJC_ARC = YES;
				CLANG_ENABLE_OBJC_WEAK = YES;
				CLANG_WARN_BLOCK_CAPTURE_AUTORELEASING = YES;
				CLANG_WARN_BOOL_CONVERSION = YES;
				CLANG_WARN_COMMA = YES;
				CLANG_WARN_CONSTANT_CONVERSION = YES;
				CLANG_WARN_DEPRECATED_OBJC_IMPLEMENTATIONS = YES;
				CLANG_WARN_DIRECT_OBJC_ISA_USAGE = YES_ERROR;
				CLANG_WARN_DOCUMENTATION_COMMENTS = YES;
				CLANG_WARN_EMPTY_BODY = YES;
				CLANG_WARN_ENUM_CONVERSION = YES;
				CLANG_WARN_INFINITE_RECURSION = YES;
				CLANG_WARN_INT_CONVERSION = YES;
				CLANG_WARN_NON_LITERAL_NULL_CONVERSION = YES;
				CLANG_WARN_OBJC_IMPLICIT_RETAIN_SELF = YES;
				CLANG_WARN_OBJC_LITERAL_CONVERSION = YES;
				CLANG_WARN_OBJC_ROOT_CLASS = YES_ERROR;
				CLANG_WARN_RANGE_LOOP_ANALYSIS = YES;
				CLANG_WARN_STRICT_PROTOTYPES = YES;
				CLANG_WARN_SUSPICIOUS_MOVE = YES;
				CLANG_WARN_UNGUARDED_AVAILABILITY = YES_AGGRESSIVE;
				CLANG_WARN_UNREACHABLE_CODE = YES;
				CLANG_WARN__DUPLICATE_METHOD_MATCH = YES;
				CODE_SIGN_IDENTITY = "iPhone Developer";
				COPY_PHASE_STRIP = NO;
				DEBUG_INFORMATION_FORMAT = dwarf;
				ENABLE_STRICT_OBJC_MSGSEND = YES;
				ENABLE_TESTABILITY = YES;
				GCC_C_LANGUAGE_STANDARD = gnu11;
				GCC_DYNAMIC_NO_PIC = NO;
				GCC_NO_COMMON_BLOCKS = YES;
				GCC_OPTIMIZATION_LEVEL = 0;
				GCC_PREPROCESSOR_DEFINITIONS = (
					"DEBUG=1",
					"$(inherited)",
				);
				GCC_WARN_64_TO_32_BIT_CONVERSION = YES;
				GCC_WARN_ABOUT_RETURN_TYPE = YES_ERROR;
				GCC_WARN_UNDECLARED_SELECTOR = YES;
				GCC_WARN_UNINITIALIZED_AUTOS = YES_AGGRESSIVE;
				GCC_WARN_UNUSED_FUNCTION = YES;
				GCC_WARN_UNUSED_VARIABLE = YES;
				IPHONEOS_DEPLOYMENT_TARGET = 12.0;
				MTL_ENABLE_DEBUG_INFO = INCLUDE_SOURCE;
				MTL_FAST_MATH = YES;
				ONLY_ACTIVE_ARCH = YES;
				SDKROOT = iphoneos;
				SWIFT_ACTIVE_COMPILATION_CONDITIONS = DEBUG;
				SWIFT_OPTIMIZATION_LEVEL = "-Onone";
			};
			name = Debug;
		};
		7E11B32F221176E700ED8F10 /* Release */ = {
			isa = XCBuildConfiguration;
			buildSettings = {
				ALWAYS_SEARCH_USER_PATHS = NO;
				CLANG_ANALYZER_NONNULL = YES;
				CLANG_ANALYZER_NUMBER_OBJECT_CONVERSION = YES_AGGRESSIVE;
				CLANG_CXX_LANGUAGE_STANDARD = "gnu++14";
				CLANG_CXX_LIBRARY = "libc++";
				CLANG_ENABLE_MODULES = YES;
				CLANG_ENABLE_OBJC_ARC = YES;
				CLANG_ENABLE_OBJC_WEAK = YES;
				CLANG_WARN_BLOCK_CAPTURE_AUTORELEASING = YES;
				CLANG_WARN_BOOL_CONVERSION = YES;
				CLANG_WARN_COMMA = YES;
				CLANG_WARN_CONSTANT_CONVERSION = YES;
				CLANG_WARN_DEPRECATED_OBJC_IMPLEMENTATIONS = YES;
				CLANG_WARN_DIRECT_OBJC_ISA_USAGE = YES_ERROR;
				CLANG_WARN_DOCUMENTATION_COMMENTS = YES;
				CLANG_WARN_EMPTY_BODY = YES;
				CLANG_WARN_ENUM_CONVERSION = YES;
				CLANG_WARN_INFINITE_RECURSION = YES;
				CLANG_WARN_INT_CONVERSION = YES;
				CLANG_WARN_NON_LITERAL_NULL_CONVERSION = YES;
				CLANG_WARN_OBJC_IMPLICIT_RETAIN_SELF = YES;
				CLANG_WARN_OBJC_LITERAL_CONVERSION = YES;
				CLANG_WARN_OBJC_ROOT_CLASS = YES_ERROR;
				CLANG_WARN_RANGE_LOOP_ANALYSIS = YES;
				CLANG_WARN_STRICT_PROTOTYPES = YES;
				CLANG_WARN_SUSPICIOUS_MOVE = YES;
				CLANG_WARN_UNGUARDED_AVAILABILITY = YES_AGGRESSIVE;
				CLANG_WARN_UNREACHABLE_CODE = YES;
				CLANG_WARN__DUPLICATE_METHOD_MATCH = YES;
				CODE_SIGN_IDENTITY = "iPhone Developer";
				COPY_PHASE_STRIP = NO;
				DEBUG_INFORMATION_FORMAT = "dwarf-with-dsym";
				ENABLE_NS_ASSERTIONS = NO;
				ENABLE_STRICT_OBJC_MSGSEND = YES;
				GCC_C_LANGUAGE_STANDARD = gnu11;
				GCC_NO_COMMON_BLOCKS = YES;
				GCC_WARN_64_TO_32_BIT_CONVERSION = YES;
				GCC_WARN_ABOUT_RETURN_TYPE = YES_ERROR;
				GCC_WARN_UNDECLARED_SELECTOR = YES;
				GCC_WARN_UNINITIALIZED_AUTOS = YES_AGGRESSIVE;
				GCC_WARN_UNUSED_FUNCTION = YES;
				GCC_WARN_UNUSED_VARIABLE = YES;
				IPHONEOS_DEPLOYMENT_TARGET = 12.0;
				MTL_ENABLE_DEBUG_INFO = NO;
				MTL_FAST_MATH = YES;
				SDKROOT = iphoneos;
				SWIFT_COMPILATION_MODE = wholemodule;
				SWIFT_OPTIMIZATION_LEVEL = "-O";
				VALIDATE_PRODUCT = YES;
			};
			name = Release;
		};
		7E11B331221176E700ED8F10 /* Debug */ = {
			isa = XCBuildConfiguration;
			baseConfigurationReference = ABC2875A3727AF9DDAB48F34 /* Pods-TokensTableView.debug.xcconfig */;
			buildSettings = {
				ASSETCATALOG_COMPILER_APPICON_NAME = AppIcon;
				CLANG_ENABLE_MODULES = YES;
				CODE_SIGN_STYLE = Automatic;
				DEVELOPMENT_TEAM = 78L9Z2DJM8;
				INFOPLIST_FILE = TokensTableView/Info.plist;
				IPHONEOS_DEPLOYMENT_TARGET = 11.0;
				LD_RUNPATH_SEARCH_PATHS = (
					"$(inherited)",
					"@executable_path/Frameworks",
				);
				PRODUCT_BUNDLE_IDENTIFIER = msaad.TokensTableView;
				PRODUCT_NAME = "$(TARGET_NAME)";
				SWIFT_OPTIMIZATION_LEVEL = "-Onone";
				SWIFT_VERSION = 4.2;
				TARGETED_DEVICE_FAMILY = "1,2";
			};
			name = Debug;
		};
		7E11B332221176E700ED8F10 /* Release */ = {
			isa = XCBuildConfiguration;
			baseConfigurationReference = CACDD313B5CDD4134394846E /* Pods-TokensTableView.release.xcconfig */;
			buildSettings = {
				ASSETCATALOG_COMPILER_APPICON_NAME = AppIcon;
				CLANG_ENABLE_MODULES = YES;
				CODE_SIGN_STYLE = Automatic;
				DEVELOPMENT_TEAM = 78L9Z2DJM8;
				INFOPLIST_FILE = TokensTableView/Info.plist;
				IPHONEOS_DEPLOYMENT_TARGET = 11.0;
				LD_RUNPATH_SEARCH_PATHS = (
					"$(inherited)",
					"@executable_path/Frameworks",
				);
				PRODUCT_BUNDLE_IDENTIFIER = msaad.TokensTableView;
				PRODUCT_NAME = "$(TARGET_NAME)";
				SWIFT_VERSION = 4.2;
				TARGETED_DEVICE_FAMILY = "1,2";
			};
			name = Release;
		};
/* End XCBuildConfiguration section */

/* Begin XCConfigurationList section */
		7E11B316221176E500ED8F10 /* Build configuration list for PBXProject "TokensTableView" */ = {
			isa = XCConfigurationList;
			buildConfigurations = (
				7E11B32E221176E700ED8F10 /* Debug */,
				7E11B32F221176E700ED8F10 /* Release */,
			);
			defaultConfigurationIsVisible = 0;
			defaultConfigurationName = Release;
		};
		7E11B330221176E700ED8F10 /* Build configuration list for PBXNativeTarget "TokensTableView" */ = {
			isa = XCConfigurationList;
			buildConfigurations = (
				7E11B331221176E700ED8F10 /* Debug */,
				7E11B332221176E700ED8F10 /* Release */,
			);
			defaultConfigurationIsVisible = 0;
			defaultConfigurationName = Release;
		};
/* End XCConfigurationList section */

/* Begin XCVersionGroup section */
		7E11B325221176E500ED8F10 /* TokensTableView.xcdatamodeld */ = {
			isa = XCVersionGroup;
			children = (
				7E11B326221176E500ED8F10 /* TokensTableView.xcdatamodel */,
			);
			currentVersion = 7E11B326221176E500ED8F10 /* TokensTableView.xcdatamodel */;
			path = TokensTableView.xcdatamodeld;
			sourceTree = "<group>";
			versionGroupType = wrapper.xcdatamodel;
		};
/* End XCVersionGroup section */
	};
	rootObject = 7E11B313221176E500ED8F10 /* Project object */;
}
